
Microsoft Visual Studio Solution File, Format Version 12.00
Project("{FAE04EC0-301F-11D3-BF4B-00C04F79EFBC}") = "Store.APP", "Store.APP\Store.APP.csproj", "{B286F462-282F-429A-86CF-8A7E8CD43008}"
EndProject
Global
	GlobalSection(SolutionConfigurationPlatforms) = preSolution
		Debug|Any CPU = Debug|Any CPU
		Release|Any CPU = Release|Any CPU
	EndGlobalSection
	GlobalSection(ProjectConfigurationPlatforms) = postSolution
		{B286F462-282F-429A-86CF-8A7E8CD43008}.Debug|Any CPU.ActiveCfg = Debug|Any CPU
		{B286F462-282F-429A-86CF-8A7E8CD43008}.Debug|Any CPU.Build.0 = Debug|Any CPU
		{B286F462-282F-429A-86CF-8A7E8CD43008}.Release|Any CPU.ActiveCfg = Release|Any CPU
		{B286F462-282F-429A-86CF-8A7E8CD43008}.Release|Any CPU.Build.0 = Release|Any CPU
	EndGlobalSection
EndGlobal
